
Microsoft Visual Studio Solution File, Format Version 12.00
# Visual Studio Version 17
VisualStudioVersion = 17.9.34723.18
MinimumVisualStudioVersion = 10.0.40219.1
Project("{FAE04EC0-301F-11D3-BF4B-00C04F79EFBC}") = "WebShopeeFoodMini", "WebShopeeFoodMini\WebShopeeFoodMini.csproj", "{AF46319B-33FA-4338-A03D-FF96475F7E1D}"
EndProject
Global
	GlobalSection(SolutionConfigurationPlatforms) = preSolution
		Debug|Any CPU = Debug|Any CPU
		Release|Any CPU = Release|Any CPU
	EndGlobalSection
	GlobalSection(ProjectConfigurationPlatforms) = postSolution
		{AF46319B-33FA-4338-A03D-FF96475F7E1D}.Debug|Any CPU.ActiveCfg = Debug|Any CPU
		{AF46319B-33FA-4338-A03D-FF96475F7E1D}.Debug|Any CPU.Build.0 = Debug|Any CPU
		{AF46319B-33FA-4338-A03D-FF96475F7E1D}.Release|Any CPU.ActiveCfg = Release|Any CPU
		{AF46319B-33FA-4338-A03D-FF96475F7E1D}.Release|Any CPU.Build.0 = Release|Any CPU
	EndGlobalSection
	GlobalSection(SolutionProperties) = preSolution
		HideSolutionNode = FALSE
	EndGlobalSection
	GlobalSection(ExtensibilityGlobals) = postSolution
		SolutionGuid = {ED59FA52-4C21-4BB1-8F80-4A1A9F483F91}
	EndGlobalSection
EndGlobal
